
Microsoft Visual Studio Solution File, Format Version 12.00
# Visual Studio Version 16
VisualStudioVersion = 16.0.30114.105
MinimumVisualStudioVersion = 10.0.40219.1
Project("{2150E333-8FDC-42A3-9474-1A3956D46DE8}") = "src", "src", "{8AFC9781-F6F1-4696-BB4A-9ED7CA9D612B}"
EndProject
Project("{FAE04EC0-301F-11D3-BF4B-00C04F79EFBC}") = "Abstractions", "src\Abstractions\Abstractions.csproj", "{B12489CB-B7E5-497B-8F0C-F87F678947C3}"
EndProject
Project("{2150E333-8FDC-42A3-9474-1A3956D46DE8}") = "Worker", "Worker", "{5B448FF6-EC42-491D-A22E-1DC8B618E6D5}"
EndProject
Project("{FAE04EC0-301F-11D3-BF4B-00C04F79EFBC}") = "Worker", "src\Worker\Core\Worker.csproj", "{B0EB48BE-E4F7-4F50-B8BD-5C6172A7A584}"
EndProject
Project("{FAE04EC0-301F-11D3-BF4B-00C04F79EFBC}") = "Worker.Grpc", "src\Worker\Grpc\Worker.Grpc.csproj", "{CCA111DD-001F-4FBB-97C7-69BF32BE6A91}"
EndProject
Project("{2150E333-8FDC-42A3-9474-1A3956D46DE8}") = "Client", "Client", "{1C217BB2-CE16-41CC-9D47-0FC0DB60BDB3}"
EndProject
Project("{FAE04EC0-301F-11D3-BF4B-00C04F79EFBC}") = "Client.Grpc", "src\Client\Grpc\Client.Grpc.csproj", "{7161E5EC-BB61-4671-B91C-EE0F1E95D832}"
EndProject
Project("{FAE04EC0-301F-11D3-BF4B-00C04F79EFBC}") = "Client", "src\Client\Core\Client.csproj", "{4133A1ED-7B45-480A-AE77-E9A3B34A95B5}"
EndProject
Project("{FAE04EC0-301F-11D3-BF4B-00C04F79EFBC}") = "Generators", "src\Generators\Generators.csproj", "{DC9A3770-E66C-4CE9-833B-8647AAF5EFF2}"
EndProject
Global
	GlobalSection(SolutionConfigurationPlatforms) = preSolution
		Debug|Any CPU = Debug|Any CPU
		Release|Any CPU = Release|Any CPU
	EndGlobalSection
	GlobalSection(SolutionProperties) = preSolution
		HideSolutionNode = FALSE
	EndGlobalSection
	GlobalSection(ProjectConfigurationPlatforms) = postSolution
		{B12489CB-B7E5-497B-8F0C-F87F678947C3}.Debug|Any CPU.ActiveCfg = Debug|Any CPU
		{B12489CB-B7E5-497B-8F0C-F87F678947C3}.Debug|Any CPU.Build.0 = Debug|Any CPU
		{B12489CB-B7E5-497B-8F0C-F87F678947C3}.Release|Any CPU.ActiveCfg = Release|Any CPU
		{B12489CB-B7E5-497B-8F0C-F87F678947C3}.Release|Any CPU.Build.0 = Release|Any CPU
		{B0EB48BE-E4F7-4F50-B8BD-5C6172A7A584}.Debug|Any CPU.ActiveCfg = Debug|Any CPU
		{B0EB48BE-E4F7-4F50-B8BD-5C6172A7A584}.Debug|Any CPU.Build.0 = Debug|Any CPU
		{B0EB48BE-E4F7-4F50-B8BD-5C6172A7A584}.Release|Any CPU.ActiveCfg = Release|Any CPU
		{B0EB48BE-E4F7-4F50-B8BD-5C6172A7A584}.Release|Any CPU.Build.0 = Release|Any CPU
		{CCA111DD-001F-4FBB-97C7-69BF32BE6A91}.Debug|Any CPU.ActiveCfg = Debug|Any CPU
		{CCA111DD-001F-4FBB-97C7-69BF32BE6A91}.Debug|Any CPU.Build.0 = Debug|Any CPU
		{CCA111DD-001F-4FBB-97C7-69BF32BE6A91}.Release|Any CPU.ActiveCfg = Release|Any CPU
		{CCA111DD-001F-4FBB-97C7-69BF32BE6A91}.Release|Any CPU.Build.0 = Release|Any CPU
		{7161E5EC-BB61-4671-B91C-EE0F1E95D832}.Debug|Any CPU.ActiveCfg = Debug|Any CPU
		{7161E5EC-BB61-4671-B91C-EE0F1E95D832}.Debug|Any CPU.Build.0 = Debug|Any CPU
		{7161E5EC-BB61-4671-B91C-EE0F1E95D832}.Release|Any CPU.ActiveCfg = Release|Any CPU
		{7161E5EC-BB61-4671-B91C-EE0F1E95D832}.Release|Any CPU.Build.0 = Release|Any CPU
		{4133A1ED-7B45-480A-AE77-E9A3B34A95B5}.Debug|Any CPU.ActiveCfg = Debug|Any CPU
		{4133A1ED-7B45-480A-AE77-E9A3B34A95B5}.Debug|Any CPU.Build.0 = Debug|Any CPU
		{4133A1ED-7B45-480A-AE77-E9A3B34A95B5}.Release|Any CPU.ActiveCfg = Release|Any CPU
		{4133A1ED-7B45-480A-AE77-E9A3B34A95B5}.Release|Any CPU.Build.0 = Release|Any CPU
		{DC9A3770-E66C-4CE9-833B-8647AAF5EFF2}.Debug|Any CPU.ActiveCfg = Debug|Any CPU
		{DC9A3770-E66C-4CE9-833B-8647AAF5EFF2}.Debug|Any CPU.Build.0 = Debug|Any CPU
		{DC9A3770-E66C-4CE9-833B-8647AAF5EFF2}.Release|Any CPU.ActiveCfg = Release|Any CPU
		{DC9A3770-E66C-4CE9-833B-8647AAF5EFF2}.Release|Any CPU.Build.0 = Release|Any CPU
	EndGlobalSection
	GlobalSection(NestedProjects) = preSolution
		{B12489CB-B7E5-497B-8F0C-F87F678947C3} = {8AFC9781-F6F1-4696-BB4A-9ED7CA9D612B}
		{5B448FF6-EC42-491D-A22E-1DC8B618E6D5} = {8AFC9781-F6F1-4696-BB4A-9ED7CA9D612B}
		{B0EB48BE-E4F7-4F50-B8BD-5C6172A7A584} = {5B448FF6-EC42-491D-A22E-1DC8B618E6D5}
		{CCA111DD-001F-4FBB-97C7-69BF32BE6A91} = {5B448FF6-EC42-491D-A22E-1DC8B618E6D5}
		{1C217BB2-CE16-41CC-9D47-0FC0DB60BDB3} = {8AFC9781-F6F1-4696-BB4A-9ED7CA9D612B}
		{7161E5EC-BB61-4671-B91C-EE0F1E95D832} = {1C217BB2-CE16-41CC-9D47-0FC0DB60BDB3}
		{4133A1ED-7B45-480A-AE77-E9A3B34A95B5} = {1C217BB2-CE16-41CC-9D47-0FC0DB60BDB3}
		{DC9A3770-E66C-4CE9-833B-8647AAF5EFF2} = {8AFC9781-F6F1-4696-BB4A-9ED7CA9D612B}
	EndGlobalSection
EndGlobal
